// !$*UTF8*$!
{
	archiveVersion = 1;
	classes = {
	};
	objectVersion = 48;
	objects = {

/* Begin PBXBuildFile section */
		72754A00206028C9004E3348 /* DBConnector.swift in Sources */ = {isa = PBXBuildFile; fileRef = 727549FF206028C9004E3348 /* DBConnector.swift */; };
		72FE5971206006CB004346DC /* AppDelegate.swift in Sources */ = {isa = PBXBuildFile; fileRef = 72FE5970206006CB004346DC /* AppDelegate.swift */; };
		72FE5973206006CB004346DC /* ViewController.swift in Sources */ = {isa = PBXBuildFile; fileRef = 72FE5972206006CB004346DC /* ViewController.swift */; };
		72FE5976206006CB004346DC /* Main.storyboard in Resources */ = {isa = PBXBuildFile; fileRef = 72FE5974206006CB004346DC /* Main.storyboard */; };
		72FE5978206006CB004346DC /* Assets.xcassets in Resources */ = {isa = PBXBuildFile; fileRef = 72FE5977206006CB004346DC /* Assets.xcassets */; };
		72FE597B206006CB004346DC /* LaunchScreen.storyboard in Resources */ = {isa = PBXBuildFile; fileRef = 72FE5979206006CB004346DC /* LaunchScreen.storyboard */; };
		72FE5986206006CB004346DC /* TaskerTests.swift in Sources */ = {isa = PBXBuildFile; fileRef = 72FE5985206006CB004346DC /* TaskerTests.swift */; };
		72FE5991206006CB004346DC /* TaskerUITests.swift in Sources */ = {isa = PBXBuildFile; fileRef = 72FE5990206006CB004346DC /* TaskerUITests.swift */; };
		72FE59A320600E5F004346DC /* TODOTableViewController.swift in Sources */ = {isa = PBXBuildFile; fileRef = 72FE59A220600E5F004346DC /* TODOTableViewController.swift */; };
		72FE59A520600EF6004346DC /* DONETableViewController.swift in Sources */ = {isa = PBXBuildFile; fileRef = 72FE59A420600EF6004346DC /* DONETableViewController.swift */; };
		72FE59A7206010B3004346DC /* Task.swift in Sources */ = {isa = PBXBuildFile; fileRef = 72FE59A6206010B3004346DC /* Task.swift */; };
		72FE59A9206021DF004346DC /* TaskManager.swift in Sources */ = {isa = PBXBuildFile; fileRef = 72FE59A8206021DF004346DC /* TaskManager.swift */; };
		72FE59AB20602252004346DC /* AddTaskViewController.swift in Sources */ = {isa = PBXBuildFile; fileRef = 72FE59AA20602252004346DC /* AddTaskViewController.swift */; };
		72FE59AD2060261E004346DC /* SQLiteDAO.swift in Sources */ = {isa = PBXBuildFile; fileRef = 72FE59AC2060261E004346DC /* SQLiteDAO.swift */; };
		72FE59BB20602689004346DC /* FMDatabaseQueue.m in Sources */ = {isa = PBXBuildFile; fileRef = 72FE59B020602689004346DC /* FMDatabaseQueue.m */; };
		72FE59BC20602689004346DC /* FMDatabaseAdditions.m in Sources */ = {isa = PBXBuildFile; fileRef = 72FE59B320602689004346DC /* FMDatabaseAdditions.m */; };
		72FE59BD20602689004346DC /* FMDatabase.m in Sources */ = {isa = PBXBuildFile; fileRef = 72FE59B420602689004346DC /* FMDatabase.m */; };
		72FE59BE20602689004346DC /* FMDatabasePool.m in Sources */ = {isa = PBXBuildFile; fileRef = 72FE59B820602689004346DC /* FMDatabasePool.m */; };
		72FE59BF20602689004346DC /* FMResultSet.m in Sources */ = {isa = PBXBuildFile; fileRef = 72FE59B920602689004346DC /* FMResultSet.m */; };
		72FE59C020602689004346DC /* Info.plist in Resources */ = {isa = PBXBuildFile; fileRef = 72FE59BA20602689004346DC /* Info.plist */; };
/* End PBXBuildFile section */

/* Begin PBXContainerItemProxy section */
		72FE5982206006CB004346DC /* PBXContainerItemProxy */ = {
			isa = PBXContainerItemProxy;
			containerPortal = 72FE5965206006CB004346DC /* Project object */;
			proxyType = 1;
			remoteGlobalIDString = 72FE596C206006CB004346DC;
			remoteInfo = Tasker;
		};
		72FE598D206006CB004346DC /* PBXContainerItemProxy */ = {
			isa = PBXContainerItemProxy;
			containerPortal = 72FE5965206006CB004346DC /* Project object */;
			proxyType = 1;
			remoteGlobalIDString = 72FE596C206006CB004346DC;
			remoteInfo = Tasker;
		};
/* End PBXContainerItemProxy section */

/* Begin PBXFileReference section */
		727549FF206028C9004E3348 /* DBConnector.swift */ = {isa = PBXFileReference; lastKnownFileType = sourcecode.swift; path = DBConnector.swift; sourceTree = "<group>"; };
		72FE596D206006CB004346DC /* Tasker.app */ = {isa = PBXFileReference; explicitFileType = wrapper.application; includeInIndex = 0; path = Tasker.app; sourceTree = BUILT_PRODUCTS_DIR; };
		72FE5970206006CB004346DC /* AppDelegate.swift */ = {isa = PBXFileReference; lastKnownFileType = sourcecode.swift; path = AppDelegate.swift; sourceTree = "<group>"; };
		72FE5972206006CB004346DC /* ViewController.swift */ = {isa = PBXFileReference; lastKnownFileType = sourcecode.swift; path = ViewController.swift; sourceTree = "<group>"; };
		72FE5975206006CB004346DC /* Base */ = {isa = PBXFileReference; lastKnownFileType = file.storyboard; name = Base; path = Base.lproj/Main.storyboard; sourceTree = "<group>"; };
		72FE5977206006CB004346DC /* Assets.xcassets */ = {isa = PBXFileReference; lastKnownFileType = folder.assetcatalog; path = Assets.xcassets; sourceTree = "<group>"; };
		72FE597A206006CB004346DC /* Base */ = {isa = PBXFileReference; lastKnownFileType = file.storyboard; name = Base; path = Base.lproj/LaunchScreen.storyboard; sourceTree = "<group>"; };
		72FE597C206006CB004346DC /* Info.plist */ = {isa = PBXFileReference; lastKnownFileType = text.plist.xml; path = Info.plist; sourceTree = "<group>"; };
		72FE5981206006CB004346DC /* TaskerTests.xctest */ = {isa = PBXFileReference; explicitFileType = wrapper.cfbundle; includeInIndex = 0; path = TaskerTests.xctest; sourceTree = BUILT_PRODUCTS_DIR; };
		72FE5985206006CB004346DC /* TaskerTests.swift */ = {isa = PBXFileReference; lastKnownFileType = sourcecode.swift; path = TaskerTests.swift; sourceTree = "<group>"; };
		72FE5987206006CB004346DC /* Info.plist */ = {isa = PBXFileReference; lastKnownFileType = text.plist.xml; path = Info.plist; sourceTree = "<group>"; };
		72FE598C206006CB004346DC /* TaskerUITests.xctest */ = {isa = PBXFileReference; explicitFileType = wrapper.cfbundle; includeInIndex = 0; path = TaskerUITests.xctest; sourceTree = BUILT_PRODUCTS_DIR; };
		72FE5990206006CB004346DC /* TaskerUITests.swift */ = {isa = PBXFileReference; lastKnownFileType = sourcecode.swift; path = TaskerUITests.swift; sourceTree = "<group>"; };
		72FE5992206006CB004346DC /* Info.plist */ = {isa = PBXFileReference; lastKnownFileType = text.plist.xml; path = Info.plist; sourceTree = "<group>"; };
		72FE59A220600E5F004346DC /* TODOTableViewController.swift */ = {isa = PBXFileReference; lastKnownFileType = sourcecode.swift; path = TODOTableViewController.swift; sourceTree = "<group>"; };
		72FE59A420600EF6004346DC /* DONETableViewController.swift */ = {isa = PBXFileReference; lastKnownFileType = sourcecode.swift; path = DONETableViewController.swift; sourceTree = "<group>"; };
		72FE59A6206010B3004346DC /* Task.swift */ = {isa = PBXFileReference; lastKnownFileType = sourcecode.swift; path = Task.swift; sourceTree = "<group>"; };
		72FE59A8206021DF004346DC /* TaskManager.swift */ = {isa = PBXFileReference; lastKnownFileType = sourcecode.swift; path = TaskManager.swift; sourceTree = "<group>"; };
		72FE59AA20602252004346DC /* AddTaskViewController.swift */ = {isa = PBXFileReference; lastKnownFileType = sourcecode.swift; path = AddTaskViewController.swift; sourceTree = "<group>"; };
		72FE59AC2060261E004346DC /* SQLiteDAO.swift */ = {isa = PBXFileReference; lastKnownFileType = sourcecode.swift; path = SQLiteDAO.swift; sourceTree = "<group>"; };
		72FE59AF20602689004346DC /* FMDatabase.h */ = {isa = PBXFileReference; fileEncoding = 4; lastKnownFileType = sourcecode.c.h; path = FMDatabase.h; sourceTree = "<group>"; };
		72FE59B020602689004346DC /* FMDatabaseQueue.m */ = {isa = PBXFileReference; fileEncoding = 4; lastKnownFileType = sourcecode.c.objc; path = FMDatabaseQueue.m; sourceTree = "<group>"; };
		72FE59B120602689004346DC /* FMResultSet.h */ = {isa = PBXFileReference; fileEncoding = 4; lastKnownFileType = sourcecode.c.h; path = FMResultSet.h; sourceTree = "<group>"; };
		72FE59B220602689004346DC /* FMDatabasePool.h */ = {isa = PBXFileReference; fileEncoding = 4; lastKnownFileType = sourcecode.c.h; path = FMDatabasePool.h; sourceTree = "<group>"; };
		72FE59B320602689004346DC /* FMDatabaseAdditions.m */ = {isa = PBXFileReference; fileEncoding = 4; lastKnownFileType = sourcecode.c.objc; path = FMDatabaseAdditions.m; sourceTree = "<group>"; };
		72FE59B420602689004346DC /* FMDatabase.m */ = {isa = PBXFileReference; fileEncoding = 4; lastKnownFileType = sourcecode.c.objc; path = FMDatabase.m; sourceTree = "<group>"; };
		72FE59B520602689004346DC /* FMDatabaseQueue.h */ = {isa = PBXFileReference; fileEncoding = 4; lastKnownFileType = sourcecode.c.h; path = FMDatabaseQueue.h; sourceTree = "<group>"; };
		72FE59B620602689004346DC /* FMDB.h */ = {isa = PBXFileReference; fileEncoding = 4; lastKnownFileType = sourcecode.c.h; path = FMDB.h; sourceTree = "<group>"; };
		72FE59B720602689004346DC /* FMDatabaseAdditions.h */ = {isa = PBXFileReference; fileEncoding = 4; lastKnownFileType = sourcecode.c.h; path = FMDatabaseAdditions.h; sourceTree = "<group>"; };
		72FE59B820602689004346DC /* FMDatabasePool.m */ = {isa = PBXFileReference; fileEncoding = 4; lastKnownFileType = sourcecode.c.objc; path = FMDatabasePool.m; sourceTree = "<group>"; };
		72FE59B920602689004346DC /* FMResultSet.m */ = {isa = PBXFileReference; fileEncoding = 4; lastKnownFileType = sourcecode.c.objc; path = FMResultSet.m; sourceTree = "<group>"; };
		72FE59BA20602689004346DC /* Info.plist */ = {isa = PBXFileReference; fileEncoding = 4; lastKnownFileType = text.plist.xml; path = Info.plist; sourceTree = "<group>"; };
/* End PBXFileReference section */

/* Begin PBXFrameworksBuildPhase section */
		72FE596A206006CB004346DC /* Frameworks */ = {
			isa = PBXFrameworksBuildPhase;
			buildActionMask = 2147483647;
			files = (
			);
			runOnlyForDeploymentPostprocessing = 0;
		};
		72FE597E206006CB004346DC /* Frameworks */ = {
			isa = PBXFrameworksBuildPhase;
			buildActionMask = 2147483647;
			files = (
			);
			runOnlyForDeploymentPostprocessing = 0;
		};
		72FE5989206006CB004346DC /* Frameworks */ = {
			isa = PBXFrameworksBuildPhase;
			buildActionMask = 2147483647;
			files = (
			);
			runOnlyForDeploymentPostprocessing = 0;
		};
/* End PBXFrameworksBuildPhase section */

/* Begin PBXGroup section */
		72FE5964206006CB004346DC = {
			isa = PBXGroup;
			children = (
				72FE596F206006CB004346DC /* Tasker */,
				72FE5984206006CB004346DC /* TaskerTests */,
				72FE598F206006CB004346DC /* TaskerUITests */,
				72FE596E206006CB004346DC /* Products */,
			);
			sourceTree = "<group>";
		};
		72FE596E206006CB004346DC /* Products */ = {
			isa = PBXGroup;
			children = (
				72FE596D206006CB004346DC /* Tasker.app */,
				72FE5981206006CB004346DC /* TaskerTests.xctest */,
				72FE598C206006CB004346DC /* TaskerUITests.xctest */,
			);
			name = Products;
			sourceTree = "<group>";
		};
		72FE596F206006CB004346DC /* Tasker */ = {
			isa = PBXGroup;
			children = (
				72FE59AE20602689004346DC /* fmdb */,
				72FE5970206006CB004346DC /* AppDelegate.swift */,
				72FE5972206006CB004346DC /* ViewController.swift */,
				72FE5974206006CB004346DC /* Main.storyboard */,
				72FE5977206006CB004346DC /* Assets.xcassets */,
				72FE5979206006CB004346DC /* LaunchScreen.storyboard */,
				72FE597C206006CB004346DC /* Info.plist */,
				72FE59A220600E5F004346DC /* TODOTableViewController.swift */,
				72FE59A420600EF6004346DC /* DONETableViewController.swift */,
				72FE59A6206010B3004346DC /* Task.swift */,
				72FE59A8206021DF004346DC /* TaskManager.swift */,
				72FE59AA20602252004346DC /* AddTaskViewController.swift */,
				72FE59AC2060261E004346DC /* SQLiteDAO.swift */,
				727549FF206028C9004E3348 /* DBConnector.swift */,
			);
			path = Tasker;
			sourceTree = "<group>";
		};
		72FE5984206006CB004346DC /* TaskerTests */ = {
			isa = PBXGroup;
			children = (
				72FE5985206006CB004346DC /* TaskerTests.swift */,
				72FE5987206006CB004346DC /* Info.plist */,
			);
			path = TaskerTests;
			sourceTree = "<group>";
		};
		72FE598F206006CB004346DC /* TaskerUITests */ = {
			isa = PBXGroup;
			children = (
				72FE5990206006CB004346DC /* TaskerUITests.swift */,
				72FE5992206006CB004346DC /* Info.plist */,
			);
			path = TaskerUITests;
			sourceTree = "<group>";
		};
		72FE59AE20602689004346DC /* fmdb */ = {
			isa = PBXGroup;
			children = (
				72FE59AF20602689004346DC /* FMDatabase.h */,
				72FE59B020602689004346DC /* FMDatabaseQueue.m */,
				72FE59B120602689004346DC /* FMResultSet.h */,
				72FE59B220602689004346DC /* FMDatabasePool.h */,
				72FE59B320602689004346DC /* FMDatabaseAdditions.m */,
				72FE59B420602689004346DC /* FMDatabase.m */,
				72FE59B520602689004346DC /* FMDatabaseQueue.h */,
				72FE59B620602689004346DC /* FMDB.h */,
				72FE59B720602689004346DC /* FMDatabaseAdditions.h */,
				72FE59B820602689004346DC /* FMDatabasePool.m */,
				72FE59B920602689004346DC /* FMResultSet.m */,
				72FE59BA20602689004346DC /* Info.plist */,
			);
			path = fmdb;
			sourceTree = "<group>";
		};
/* End PBXGroup section */

/* Begin PBXNativeTarget section */
		72FE596C206006CB004346DC /* Tasker */ = {
			isa = PBXNativeTarget;
			buildConfigurationList = 72FE5995206006CB004346DC /* Build configuration list for PBXNativeTarget "Tasker" */;
			buildPhases = (
				72FE5969206006CB004346DC /* Sources */,
				72FE596A206006CB004346DC /* Frameworks */,
				72FE596B206006CB004346DC /* Resources */,
			);
			buildRules = (
			);
			dependencies = (
			);
			name = Tasker;
			productName = Tasker;
			productReference = 72FE596D206006CB004346DC /* Tasker.app */;
			productType = "com.apple.product-type.application";
		};
		72FE5980206006CB004346DC /* TaskerTests */ = {
			isa = PBXNativeTarget;
			buildConfigurationList = 72FE5998206006CB004346DC /* Build configuration list for PBXNativeTarget "TaskerTests" */;
			buildPhases = (
				72FE597D206006CB004346DC /* Sources */,
				72FE597E206006CB004346DC /* Frameworks */,
				72FE597F206006CB004346DC /* Resources */,
			);
			buildRules = (
			);
			dependencies = (
				72FE5983206006CB004346DC /* PBXTargetDependency */,
			);
			name = TaskerTests;
			productName = TaskerTests;
			productReference = 72FE5981206006CB004346DC /* TaskerTests.xctest */;
			productType = "com.apple.product-type.bundle.unit-test";
		};
		72FE598B206006CB004346DC /* TaskerUITests */ = {
			isa = PBXNativeTarget;
			buildConfigurationList = 72FE599B206006CB004346DC /* Build configuration list for PBXNativeTarget "TaskerUITests" */;
			buildPhases = (
				72FE5988206006CB004346DC /* Sources */,
				72FE5989206006CB004346DC /* Frameworks */,
				72FE598A206006CB004346DC /* Resources */,
			);
			buildRules = (
			);
			dependencies = (
				72FE598E206006CB004346DC /* PBXTargetDependency */,
			);
			name = TaskerUITests;
			productName = TaskerUITests;
			productReference = 72FE598C206006CB004346DC /* TaskerUITests.xctest */;
			productType = "com.apple.product-type.bundle.ui-testing";
		};
/* End PBXNativeTarget section */

/* Begin PBXProject section */
		72FE5965206006CB004346DC /* Project object */ = {
			isa = PBXProject;
			attributes = {
				LastSwiftUpdateCheck = 0920;
				LastUpgradeCheck = 0920;
				ORGANIZATIONNAME = "Daniel de la Lastra";
				TargetAttributes = {
					72FE596C206006CB004346DC = {
						CreatedOnToolsVersion = 9.2;
						ProvisioningStyle = Automatic;
					};
					72FE5980206006CB004346DC = {
						CreatedOnToolsVersion = 9.2;
						ProvisioningStyle = Automatic;
						TestTargetID = 72FE596C206006CB004346DC;
					};
					72FE598B206006CB004346DC = {
						CreatedOnToolsVersion = 9.2;
						ProvisioningStyle = Automatic;
						TestTargetID = 72FE596C206006CB004346DC;
					};
				};
			};
			buildConfigurationList = 72FE5968206006CB004346DC /* Build configuration list for PBXProject "Tasker" */;
			compatibilityVersion = "Xcode 8.0";
			developmentRegion = en;
			hasScannedForEncodings = 0;
			knownRegions = (
				en,
				Base,
			);
			mainGroup = 72FE5964206006CB004346DC;
			productRefGroup = 72FE596E206006CB004346DC /* Products */;
			projectDirPath = "";
			projectRoot = "";
			targets = (
				72FE596C206006CB004346DC /* Tasker */,
				72FE5980206006CB004346DC /* TaskerTests */,
				72FE598B206006CB004346DC /* TaskerUITests */,
			);
		};
/* End PBXProject section */

/* Begin PBXResourcesBuildPhase section */
		72FE596B206006CB004346DC /* Resources */ = {
			isa = PBXResourcesBuildPhase;
			buildActionMask = 2147483647;
			files = (
				72FE59C020602689004346DC /* Info.plist in Resources */,
				72FE597B206006CB004346DC /* LaunchScreen.storyboard in Resources */,
				72FE5978206006CB004346DC /* Assets.xcassets in Resources */,
				72FE5976206006CB004346DC /* Main.storyboard in Resources */,
			);
			runOnlyForDeploymentPostprocessing = 0;
		};
		72FE597F206006CB004346DC /* Resources */ = {
			isa = PBXResourcesBuildPhase;
			buildActionMask = 2147483647;
			files = (
			);
			runOnlyForDeploymentPostprocessing = 0;
		};
		72FE598A206006CB004346DC /* Resources */ = {
			isa = PBXResourcesBuildPhase;
			buildActionMask = 2147483647;
			files = (
			);
			runOnlyForDeploymentPostprocessing = 0;
		};
/* End PBXResourcesBuildPhase section */

/* Begin PBXSourcesBuildPhase section */
		72FE5969206006CB004346DC /* Sources */ = {
			isa = PBXSourcesBuildPhase;
			buildActionMask = 2147483647;
			files = (
				72FE59AD2060261E004346DC /* SQLiteDAO.swift in Sources */,
				72FE59BE20602689004346DC /* FMDatabasePool.m in Sources */,
				72FE59A9206021DF004346DC /* TaskManager.swift in Sources */,
				72FE5973206006CB004346DC /* ViewController.swift in Sources */,
				72FE59A520600EF6004346DC /* DONETableViewController.swift in Sources */,
				72754A00206028C9004E3348 /* DBConnector.swift in Sources */,
				72FE59A7206010B3004346DC /* Task.swift in Sources */,
				72FE59BF20602689004346DC /* FMResultSet.m in Sources */,
				72FE5971206006CB004346DC /* AppDelegate.swift in Sources */,
				72FE59A320600E5F004346DC /* TODOTableViewController.swift in Sources */,
				72FE59AB20602252004346DC /* AddTaskViewController.swift in Sources */,
				72FE59BB20602689004346DC /* FMDatabaseQueue.m in Sources */,
				72FE59BD20602689004346DC /* FMDatabase.m in Sources */,
				72FE59BC20602689004346DC /* FMDatabaseAdditions.m in Sources */,
			);
			runOnlyForDeploymentPostprocessing = 0;
		};
		72FE597D206006CB004346DC /* Sources */ = {
			isa = PBXSourcesBuildPhase;
			buildActionMask = 2147483647;
			files = (
				72FE5986206006CB004346DC /* TaskerTests.swift in Sources */,
			);
			runOnlyForDeploymentPostprocessing = 0;
		};
		72FE5988206006CB004346DC /* Sources */ = {
			isa = PBXSourcesBuildPhase;
			buildActionMask = 2147483647;
			files = (
				72FE5991206006CB004346DC /* TaskerUITests.swift in Sources */,
			);
			runOnlyForDeploymentPostprocessing = 0;
		};
/* End PBXSourcesBuildPhase section */

/* Begin PBXTargetDependency section */
		72FE5983206006CB004346DC /* PBXTargetDependency */ = {
			isa = PBXTargetDependency;
			target = 72FE596C206006CB004346DC /* Tasker */;
			targetProxy = 72FE5982206006CB004346DC /* PBXContainerItemProxy */;
		};
		72FE598E206006CB004346DC /* PBXTargetDependency */ = {
			isa = PBXTargetDependency;
			target = 72FE596C206006CB004346DC /* Tasker */;
			targetProxy = 72FE598D206006CB004346DC /* PBXContainerItemProxy */;
		};
/* End PBXTargetDependency section */

/* Begin PBXVariantGroup section */
		72FE5974206006CB004346DC /* Main.storyboard */ = {
			isa = PBXVariantGroup;
			children = (
				72FE5975206006CB004346DC /* Base */,
			);
			name = Main.storyboard;
			sourceTree = "<group>";
		};
		72FE5979206006CB004346DC /* LaunchScreen.storyboard */ = {
			isa = PBXVariantGroup;
			children = (
				72FE597A206006CB004346DC /* Base */,
			);
			name = LaunchScreen.storyboard;
			sourceTree = "<group>";
		};
/* End PBXVariantGroup section */

/* Begin XCBuildConfiguration section */
		72FE5993206006CB004346DC /* Debug */ = {
			isa = XCBuildConfiguration;
			buildSettings = {
				ALWAYS_SEARCH_USER_PATHS = NO;
				CLANG_ANALYZER_NONNULL = YES;
				CLANG_ANALYZER_NUMBER_OBJECT_CONVERSION = YES_AGGRESSIVE;
				CLANG_CXX_LANGUAGE_STANDARD = "gnu++14";
				CLANG_CXX_LIBRARY = "libc++";
				CLANG_ENABLE_MODULES = YES;
				CLANG_ENABLE_OBJC_ARC = YES;
				CLANG_WARN_BLOCK_CAPTURE_AUTORELEASING = YES;
				CLANG_WARN_BOOL_CONVERSION = YES;
				CLANG_WARN_COMMA = YES;
				CLANG_WARN_CONSTANT_CONVERSION = YES;
				CLANG_WARN_DIRECT_OBJC_ISA_USAGE = YES_ERROR;
				CLANG_WARN_DOCUMENTATION_COMMENTS = YES;
				CLANG_WARN_EMPTY_BODY = YES;
				CLANG_WARN_ENUM_CONVERSION = YES;
				CLANG_WARN_INFINITE_RECURSION = YES;
				CLANG_WARN_INT_CONVERSION = YES;
				CLANG_WARN_NON_LITERAL_NULL_CONVERSION = YES;
				CLANG_WARN_OBJC_LITERAL_CONVERSION = YES;
				CLANG_WARN_OBJC_ROOT_CLASS = YES_ERROR;
				CLANG_WARN_RANGE_LOOP_ANALYSIS = YES;
				CLANG_WARN_STRICT_PROTOTYPES = YES;
				CLANG_WARN_SUSPICIOUS_MOVE = YES;
				CLANG_WARN_UNGUARDED_AVAILABILITY = YES_AGGRESSIVE;
				CLANG_WARN_UNREACHABLE_CODE = YES;
				CLANG_WARN__DUPLICATE_METHOD_MATCH = YES;
				CODE_SIGN_IDENTITY = "iPhone Developer";
				COPY_PHASE_STRIP = NO;
				DEBUG_INFORMATION_FORMAT = dwarf;
				ENABLE_STRICT_OBJC_MSGSEND = YES;
				ENABLE_TESTABILITY = YES;
				GCC_C_LANGUAGE_STANDARD = gnu11;
				GCC_DYNAMIC_NO_PIC = NO;
				GCC_NO_COMMON_BLOCKS = YES;
				GCC_OPTIMIZATION_LEVEL = 0;
				GCC_PREPROCESSOR_DEFINITIONS = (
					"DEBUG=1",
					"$(inherited)",
				);
				GCC_WARN_64_TO_32_BIT_CONVERSION = YES;
				GCC_WARN_ABOUT_RETURN_TYPE = YES_ERROR;
				GCC_WARN_UNDECLARED_SELECTOR = YES;
				GCC_WARN_UNINITIALIZED_AUTOS = YES_AGGRESSIVE;
				GCC_WARN_UNUSED_FUNCTION = YES;
				GCC_WARN_UNUSED_VARIABLE = YES;
				IPHONEOS_DEPLOYMENT_TARGET = 11.2;
				MTL_ENABLE_DEBUG_INFO = YES;
				ONLY_ACTIVE_ARCH = YES;
				SDKROOT = iphoneos;
				SWIFT_ACTIVE_COMPILATION_CONDITIONS = DEBUG;
				SWIFT_OPTIMIZATION_LEVEL = "-Onone";
			};
			name = Debug;
		};
		72FE5994206006CB004346DC /* Release */ = {
			isa = XCBuildConfiguration;
			buildSettings = {
				ALWAYS_SEARCH_USER_PATHS = NO;
				CLANG_ANALYZER_NONNULL = YES;
				CLANG_ANALYZER_NUMBER_OBJECT_CONVERSION = YES_AGGRESSIVE;
				CLANG_CXX_LANGUAGE_STANDARD = "gnu++14";
				CLANG_CXX_LIBRARY = "libc++";
				CLANG_ENABLE_MODULES = YES;
				CLANG_ENABLE_OBJC_ARC = YES;
				CLANG_WARN_BLOCK_CAPTURE_AUTORELEASING = YES;
				CLANG_WARN_BOOL_CONVERSION = YES;
				CLANG_WARN_COMMA = YES;
				CLANG_WARN_CONSTANT_CONVERSION = YES;
				CLANG_WARN_DIRECT_OBJC_ISA_USAGE = YES_ERROR;
				CLANG_WARN_DOCUMENTATION_COMMENTS = YES;
				CLANG_WARN_EMPTY_BODY = YES;
				CLANG_WARN_ENUM_CONVERSION = YES;
				CLANG_WARN_INFINITE_RECURSION = YES;
				CLANG_WARN_INT_CONVERSION = YES;
				CLANG_WARN_NON_LITERAL_NULL_CONVERSION = YES;
				CLANG_WARN_OBJC_LITERAL_CONVERSION = YES;
				CLANG_WARN_OBJC_ROOT_CLASS = YES_ERROR;
				CLANG_WARN_RANGE_LOOP_ANALYSIS = YES;
				CLANG_WARN_STRICT_PROTOTYPES = YES;
				CLANG_WARN_SUSPICIOUS_MOVE = YES;
				CLANG_WARN_UNGUARDED_AVAILABILITY = YES_AGGRESSIVE;
				CLANG_WARN_UNREACHABLE_CODE = YES;
				CLANG_WARN__DUPLICATE_METHOD_MATCH = YES;
				CODE_SIGN_IDENTITY = "iPhone Developer";
				COPY_PHASE_STRIP = NO;
				DEBUG_INFORMATION_FORMAT = "dwarf-with-dsym";
				ENABLE_NS_ASSERTIONS = NO;
				ENABLE_STRICT_OBJC_MSGSEND = YES;
				GCC_C_LANGUAGE_STANDARD = gnu11;
				GCC_NO_COMMON_BLOCKS = YES;
				GCC_WARN_64_TO_32_BIT_CONVERSION = YES;
				GCC_WARN_ABOUT_RETURN_TYPE = YES_ERROR;
				GCC_WARN_UNDECLARED_SELECTOR = YES;
				GCC_WARN_UNINITIALIZED_AUTOS = YES_AGGRESSIVE;
				GCC_WARN_UNUSED_FUNCTION = YES;
				GCC_WARN_UNUSED_VARIABLE = YES;
				IPHONEOS_DEPLOYMENT_TARGET = 11.2;
				MTL_ENABLE_DEBUG_INFO = NO;
				SDKROOT = iphoneos;
				SWIFT_OPTIMIZATION_LEVEL = "-Owholemodule";
				VALIDATE_PRODUCT = YES;
			};
			name = Release;
		};
		72FE5996206006CB004346DC /* Debug */ = {
			isa = XCBuildConfiguration;
			buildSettings = {
				ASSETCATALOG_COMPILER_APPICON_NAME = AppIcon;
				CODE_SIGN_STYLE = Automatic;
				INFOPLIST_FILE = Tasker/Info.plist;
				LD_RUNPATH_SEARCH_PATHS = "$(inherited) @executable_path/Frameworks";
				PRODUCT_BUNDLE_IDENTIFIER = Salle.Tasker;
				PRODUCT_NAME = "$(TARGET_NAME)";
				SWIFT_VERSION = 4.0;
				TARGETED_DEVICE_FAMILY = "1,2";
			};
			name = Debug;
		};
		72FE5997206006CB004346DC /* Release */ = {
			isa = XCBuildConfiguration;
			buildSettings = {
				ASSETCATALOG_COMPILER_APPICON_NAME = AppIcon;
				CODE_SIGN_STYLE = Automatic;
				INFOPLIST_FILE = Tasker/Info.plist;
				LD_RUNPATH_SEARCH_PATHS = "$(inherited) @executable_path/Frameworks";
				PRODUCT_BUNDLE_IDENTIFIER = Salle.Tasker;
				PRODUCT_NAME = "$(TARGET_NAME)";
				SWIFT_VERSION = 4.0;
				TARGETED_DEVICE_FAMILY = "1,2";
			};
			name = Release;
		};
		72FE5999206006CB004346DC /* Debug */ = {
			isa = XCBuildConfiguration;
			buildSettings = {
				ALWAYS_EMBED_SWIFT_STANDARD_LIBRARIES = YES;
				BUNDLE_LOADER = "$(TEST_HOST)";
				CODE_SIGN_STYLE = Automatic;
				INFOPLIST_FILE = TaskerTests/Info.plist;
				LD_RUNPATH_SEARCH_PATHS = "$(inherited) @executable_path/Frameworks @loader_path/Frameworks";
				PRODUCT_BUNDLE_IDENTIFIER = Salle.TaskerTests;
				PRODUCT_NAME = "$(TARGET_NAME)";
				SWIFT_VERSION = 4.0;
				TARGETED_DEVICE_FAMILY = "1,2";
				TEST_HOST = "$(BUILT_PRODUCTS_DIR)/Tasker.app/Tasker";
			};
			name = Debug;
		};
		72FE599A206006CB004346DC /* Release */ = {
			isa = XCBuildConfiguration;
			buildSettings = {
				ALWAYS_EMBED_SWIFT_STANDARD_LIBRARIES = YES;
				BUNDLE_LOADER = "$(TEST_HOST)";
				CODE_SIGN_STYLE = Automatic;
				INFOPLIST_FILE = TaskerTests/Info.plist;
				LD_RUNPATH_SEARCH_PATHS = "$(inherited) @executable_path/Frameworks @loader_path/Frameworks";
				PRODUCT_BUNDLE_IDENTIFIER = Salle.TaskerTests;
				PRODUCT_NAME = "$(TARGET_NAME)";
				SWIFT_VERSION = 4.0;
				TARGETED_DEVICE_FAMILY = "1,2";
				TEST_HOST = "$(BUILT_PRODUCTS_DIR)/Tasker.app/Tasker";
			};
			name = Release;
		};
		72FE599C206006CB004346DC /* Debug */ = {
			isa = XCBuildConfiguration;
			buildSettings = {
				ALWAYS_EMBED_SWIFT_STANDARD_LIBRARIES = YES;
				CODE_SIGN_STYLE = Automatic;
				INFOPLIST_FILE = TaskerUITests/Info.plist;
				LD_RUNPATH_SEARCH_PATHS = "$(inherited) @executable_path/Frameworks @loader_path/Frameworks";
				PRODUCT_BUNDLE_IDENTIFIER = Salle.TaskerUITests;
				PRODUCT_NAME = "$(TARGET_NAME)";
				SWIFT_VERSION = 4.0;
				TARGETED_DEVICE_FAMILY = "1,2";
				TEST_TARGET_NAME = Tasker;
			};
			name = Debug;
		};
		72FE599D206006CB004346DC /* Release */ = {
			isa = XCBuildConfiguration;
			buildSettings = {
				ALWAYS_EMBED_SWIFT_STANDARD_LIBRARIES = YES;
				CODE_SIGN_STYLE = Automatic;
				INFOPLIST_FILE = TaskerUITests/Info.plist;
				LD_RUNPATH_SEARCH_PATHS = "$(inherited) @executable_path/Frameworks @loader_path/Frameworks";
				PRODUCT_BUNDLE_IDENTIFIER = Salle.TaskerUITests;
				PRODUCT_NAME = "$(TARGET_NAME)";
				SWIFT_VERSION = 4.0;
				TARGETED_DEVICE_FAMILY = "1,2";
				TEST_TARGET_NAME = Tasker;
			};
			name = Release;
		};
/* End XCBuildConfiguration section */

/* Begin XCConfigurationList section */
		72FE5968206006CB004346DC /* Build configuration list for PBXProject "Tasker" */ = {
			isa = XCConfigurationList;
			buildConfigurations = (
				72FE5993206006CB004346DC /* Debug */,
				72FE5994206006CB004346DC /* Release */,
			);
			defaultConfigurationIsVisible = 0;
			defaultConfigurationName = Release;
		};
		72FE5995206006CB004346DC /* Build configuration list for PBXNativeTarget "Tasker" */ = {
			isa = XCConfigurationList;
			buildConfigurations = (
				72FE5996206006CB004346DC /* Debug */,
				72FE5997206006CB004346DC /* Release */,
			);
			defaultConfigurationIsVisible = 0;
			defaultConfigurationName = Release;
		};
		72FE5998206006CB004346DC /* Build configuration list for PBXNativeTarget "TaskerTests" */ = {
			isa = XCConfigurationList;
			buildConfigurations = (
				72FE5999206006CB004346DC /* Debug */,
				72FE599A206006CB004346DC /* Release */,
			);
			defaultConfigurationIsVisible = 0;
			defaultConfigurationName = Release;
		};
		72FE599B206006CB004346DC /* Build configuration list for PBXNativeTarget "TaskerUITests" */ = {
			isa = XCConfigurationList;
			buildConfigurations = (
				72FE599C206006CB004346DC /* Debug */,
				72FE599D206006CB004346DC /* Release */,
			);
			defaultConfigurationIsVisible = 0;
			defaultConfigurationName = Release;
		};
/* End XCConfigurationList section */
	};
	rootObject = 72FE5965206006CB004346DC /* Project object */;
}
